
Microsoft Visual Studio Solution File, Format Version 12.00
# Visual Studio Version 17
VisualStudioVersion = 17.0.31903.59
MinimumVisualStudioVersion = 10.0.40219.1
Project("{2150E333-8FDC-42A3-9474-1A3956D46DE8}") = "src", "src", "{827E0CD3-B72D-47B6-A68D-7590B98EB39B}"
EndProject
Project("{FAE04EC0-301F-11D3-BF4B-00C04F79EFBC}") = "POS.Web", "src\POS.Web\POS.Web.csproj", "{BA7D9374-B6B6-4436-8D13-06E463009E84}"
EndProject
Project("{FAE04EC0-301F-11D3-BF4B-00C04F79EFBC}") = "POS.Shared", "src\POS.Shared\POS.Shared.csproj", "{ACF070D3-0FAB-4C72-A03C-13B4E913B04F}"
EndProject
Project("{FAE04EC0-301F-11D3-BF4B-00C04F79EFBC}") = "POS.Infrastructure", "src\POS.Infrastructure\POS.Infrastructure.csproj", "{6B95C409-28C2-4756-8781-075E478D9284}"
EndProject
Project("{FAE04EC0-301F-11D3-BF4B-00C04F79EFBC}") = "POS.Modules.Authentication", "src\POS.Modules.Authentication\POS.Modules.Authentication.csproj", "{D570FAEC-061E-4558-81B3-630D27171BCE}"
EndProject
Project("{FAE04EC0-301F-11D3-BF4B-00C04F79EFBC}") = "POS.Modules.Sales", "src\POS.Modules.Sales\POS.Modules.Sales.csproj", "{3247649C-D832-4914-B5FE-EFE0195FA240}"
EndProject
Project("{FAE04EC0-301F-11D3-BF4B-00C04F79EFBC}") = "POS.Modules.Inventory", "src\POS.Modules.Inventory\POS.Modules.Inventory.csproj", "{60CA9BE8-B3E0-4AF1-A3D9-BCD0C1C73799}"
EndProject
Project("{FAE04EC0-301F-11D3-BF4B-00C04F79EFBC}") = "POS.Modules.Customers", "src\POS.Modules.Customers\POS.Modules.Customers.csproj", "{DB54CA98-B18D-4CCF-9E98-05A9068C679A}"
EndProject
Project("{FAE04EC0-301F-11D3-BF4B-00C04F79EFBC}") = "POS.Modules.Branches", "src\POS.Modules.Branches\POS.Modules.Branches.csproj", "{9AEA0CFD-4A38-4570-A124-7B5E6BD76C8A}"
EndProject
Project("{FAE04EC0-301F-11D3-BF4B-00C04F79EFBC}") = "POS.Modules.Reporting", "src\POS.Modules.Reporting\POS.Modules.Reporting.csproj", "{172AE4F5-F107-4E4C-B254-4A830B0B6612}"
EndProject
Project("{FAE04EC0-301F-11D3-BF4B-00C04F79EFBC}") = "POS.Modules.Payments", "src\POS.Modules.Payments\POS.Modules.Payments.csproj", "{F3A32102-1228-4BF9-A027-1862061AB009}"
EndProject
Project("{FAE04EC0-301F-11D3-BF4B-00C04F79EFBC}") = "POS.Modules.Recipes", "src\POS.Modules.Recipes\POS.Modules.Recipes.csproj", "{84CA7466-83DE-4657-944B-4BEF4FD51441}"
EndProject
Project("{FAE04EC0-301F-11D3-BF4B-00C04F79EFBC}") = "POS.Modules.Promotions", "src\POS.Modules.Promotions\POS.Modules.Promotions.csproj", "{E1E547F8-EC06-45C6-8960-85A088395F56}"
EndProject
Project("{2150E333-8FDC-42A3-9474-1A3956D46DE8}") = "tests", "tests", "{0AB3BF05-4346-4AA6-1389-037BE0695223}"
EndProject
Project("{FAE04EC0-301F-11D3-BF4B-00C04F79EFBC}") = "POS.Tests", "tests\POS.Tests\POS.Tests.csproj", "{869FC7F9-5724-4BFB-936E-1EB2354080CD}"
EndProject
Global
	GlobalSection(SolutionConfigurationPlatforms) = preSolution
		Debug|Any CPU = Debug|Any CPU
		Debug|x64 = Debug|x64
		Debug|x86 = Debug|x86
		Release|Any CPU = Release|Any CPU
		Release|x64 = Release|x64
		Release|x86 = Release|x86
	EndGlobalSection
	GlobalSection(ProjectConfigurationPlatforms) = postSolution
		{BA7D9374-B6B6-4436-8D13-06E463009E84}.Debug|Any CPU.ActiveCfg = Debug|Any CPU
		{BA7D9374-B6B6-4436-8D13-06E463009E84}.Debug|Any CPU.Build.0 = Debug|Any CPU
		{BA7D9374-B6B6-4436-8D13-06E463009E84}.Debug|x64.ActiveCfg = Debug|Any CPU
		{BA7D9374-B6B6-4436-8D13-06E463009E84}.Debug|x64.Build.0 = Debug|Any CPU
		{BA7D9374-B6B6-4436-8D13-06E463009E84}.Debug|x86.ActiveCfg = Debug|Any CPU
		{BA7D9374-B6B6-4436-8D13-06E463009E84}.Debug|x86.Build.0 = Debug|Any CPU
		{BA7D9374-B6B6-4436-8D13-06E463009E84}.Release|Any CPU.ActiveCfg = Release|Any CPU
		{BA7D9374-B6B6-4436-8D13-06E463009E84}.Release|Any CPU.Build.0 = Release|Any CPU
		{BA7D9374-B6B6-4436-8D13-06E463009E84}.Release|x64.ActiveCfg = Release|Any CPU
		{BA7D9374-B6B6-4436-8D13-06E463009E84}.Release|x64.Build.0 = Release|Any CPU
		{BA7D9374-B6B6-4436-8D13-06E463009E84}.Release|x86.ActiveCfg = Release|Any CPU
		{BA7D9374-B6B6-4436-8D13-06E463009E84}.Release|x86.Build.0 = Release|Any CPU
		{ACF070D3-0FAB-4C72-A03C-13B4E913B04F}.Debug|Any CPU.ActiveCfg = Debug|Any CPU
		{ACF070D3-0FAB-4C72-A03C-13B4E913B04F}.Debug|Any CPU.Build.0 = Debug|Any CPU
		{ACF070D3-0FAB-4C72-A03C-13B4E913B04F}.Debug|x64.ActiveCfg = Debug|Any CPU
		{ACF070D3-0FAB-4C72-A03C-13B4E913B04F}.Debug|x64.Build.0 = Debug|Any CPU
		{ACF070D3-0FAB-4C72-A03C-13B4E913B04F}.Debug|x86.ActiveCfg = Debug|Any CPU
		{ACF070D3-0FAB-4C72-A03C-13B4E913B04F}.Debug|x86.Build.0 = Debug|Any CPU
		{ACF070D3-0FAB-4C72-A03C-13B4E913B04F}.Release|Any CPU.ActiveCfg = Release|Any CPU
		{ACF070D3-0FAB-4C72-A03C-13B4E913B04F}.Release|Any CPU.Build.0 = Release|Any CPU
		{ACF070D3-0FAB-4C72-A03C-13B4E913B04F}.Release|x64.ActiveCfg = Release|Any CPU
		{ACF070D3-0FAB-4C72-A03C-13B4E913B04F}.Release|x64.Build.0 = Release|Any CPU
		{ACF070D3-0FAB-4C72-A03C-13B4E913B04F}.Release|x86.ActiveCfg = Release|Any CPU
		{ACF070D3-0FAB-4C72-A03C-13B4E913B04F}.Release|x86.Build.0 = Release|Any CPU
		{6B95C409-28C2-4756-8781-075E478D9284}.Debug|Any CPU.ActiveCfg = Debug|Any CPU
		{6B95C409-28C2-4756-8781-075E478D9284}.Debug|Any CPU.Build.0 = Debug|Any CPU
		{6B95C409-28C2-4756-8781-075E478D9284}.Debug|x64.ActiveCfg = Debug|Any CPU
		{6B95C409-28C2-4756-8781-075E478D9284}.Debug|x64.Build.0 = Debug|Any CPU
		{6B95C409-28C2-4756-8781-075E478D9284}.Debug|x86.ActiveCfg = Debug|Any CPU
		{6B95C409-28C2-4756-8781-075E478D9284}.Debug|x86.Build.0 = Debug|Any CPU
		{6B95C409-28C2-4756-8781-075E478D9284}.Release|Any CPU.ActiveCfg = Release|Any CPU
		{6B95C409-28C2-4756-8781-075E478D9284}.Release|Any CPU.Build.0 = Release|Any CPU
		{6B95C409-28C2-4756-8781-075E478D9284}.Release|x64.ActiveCfg = Release|Any CPU
		{6B95C409-28C2-4756-8781-075E478D9284}.Release|x64.Build.0 = Release|Any CPU
		{6B95C409-28C2-4756-8781-075E478D9284}.Release|x86.ActiveCfg = Release|Any CPU
		{6B95C409-28C2-4756-8781-075E478D9284}.Release|x86.Build.0 = Release|Any CPU
		{D570FAEC-061E-4558-81B3-630D27171BCE}.Debug|Any CPU.ActiveCfg = Debug|Any CPU
		{D570FAEC-061E-4558-81B3-630D27171BCE}.Debug|Any CPU.Build.0 = Debug|Any CPU
		{D570FAEC-061E-4558-81B3-630D27171BCE}.Debug|x64.ActiveCfg = Debug|Any CPU
		{D570FAEC-061E-4558-81B3-630D27171BCE}.Debug|x64.Build.0 = Debug|Any CPU
		{D570FAEC-061E-4558-81B3-630D27171BCE}.Debug|x86.ActiveCfg = Debug|Any CPU
		{D570FAEC-061E-4558-81B3-630D27171BCE}.Debug|x86.Build.0 = Debug|Any CPU
		{D570FAEC-061E-4558-81B3-630D27171BCE}.Release|Any CPU.ActiveCfg = Release|Any CPU
		{D570FAEC-061E-4558-81B3-630D27171BCE}.Release|Any CPU.Build.0 = Release|Any CPU
		{D570FAEC-061E-4558-81B3-630D27171BCE}.Release|x64.ActiveCfg = Release|Any CPU
		{D570FAEC-061E-4558-81B3-630D27171BCE}.Release|x64.Build.0 = Release|Any CPU
		{D570FAEC-061E-4558-81B3-630D27171BCE}.Release|x86.ActiveCfg = Release|Any CPU
		{D570FAEC-061E-4558-81B3-630D27171BCE}.Release|x86.Build.0 = Release|Any CPU
		{3247649C-D832-4914-B5FE-EFE0195FA240}.Debug|Any CPU.ActiveCfg = Debug|Any CPU
		{3247649C-D832-4914-B5FE-EFE0195FA240}.Debug|Any CPU.Build.0 = Debug|Any CPU
		{3247649C-D832-4914-B5FE-EFE0195FA240}.Debug|x64.ActiveCfg = Debug|Any CPU
		{3247649C-D832-4914-B5FE-EFE0195FA240}.Debug|x64.Build.0 = Debug|Any CPU
		{3247649C-D832-4914-B5FE-EFE0195FA240}.Debug|x86.ActiveCfg = Debug|Any CPU
		{3247649C-D832-4914-B5FE-EFE0195FA240}.Debug|x86.Build.0 = Debug|Any CPU
		{3247649C-D832-4914-B5FE-EFE0195FA240}.Release|Any CPU.ActiveCfg = Release|Any CPU
		{3247649C-D832-4914-B5FE-EFE0195FA240}.Release|Any CPU.Build.0 = Release|Any CPU
		{3247649C-D832-4914-B5FE-EFE0195FA240}.Release|x64.ActiveCfg = Release|Any CPU
		{3247649C-D832-4914-B5FE-EFE0195FA240}.Release|x64.Build.0 = Release|Any CPU
		{3247649C-D832-4914-B5FE-EFE0195FA240}.Release|x86.ActiveCfg = Release|Any CPU
		{3247649C-D832-4914-B5FE-EFE0195FA240}.Release|x86.Build.0 = Release|Any CPU
		{60CA9BE8-B3E0-4AF1-A3D9-BCD0C1C73799}.Debug|Any CPU.ActiveCfg = Debug|Any CPU
		{60CA9BE8-B3E0-4AF1-A3D9-BCD0C1C73799}.Debug|Any CPU.Build.0 = Debug|Any CPU
		{60CA9BE8-B3E0-4AF1-A3D9-BCD0C1C73799}.Debug|x64.ActiveCfg = Debug|Any CPU
		{60CA9BE8-B3E0-4AF1-A3D9-BCD0C1C73799}.Debug|x64.Build.0 = Debug|Any CPU
		{60CA9BE8-B3E0-4AF1-A3D9-BCD0C1C73799}.Debug|x86.ActiveCfg = Debug|Any CPU
		{60CA9BE8-B3E0-4AF1-A3D9-BCD0C1C73799}.Debug|x86.Build.0 = Debug|Any CPU
		{60CA9BE8-B3E0-4AF1-A3D9-BCD0C1C73799}.Release|Any CPU.ActiveCfg = Release|Any CPU
		{60CA9BE8-B3E0-4AF1-A3D9-BCD0C1C73799}.Release|Any CPU.Build.0 = Release|Any CPU
		{60CA9BE8-B3E0-4AF1-A3D9-BCD0C1C73799}.Release|x64.ActiveCfg = Release|Any CPU
		{60CA9BE8-B3E0-4AF1-A3D9-BCD0C1C73799}.Release|x64.Build.0 = Release|Any CPU
		{60CA9BE8-B3E0-4AF1-A3D9-BCD0C1C73799}.Release|x86.ActiveCfg = Release|Any CPU
		{60CA9BE8-B3E0-4AF1-A3D9-BCD0C1C73799}.Release|x86.Build.0 = Release|Any CPU
		{DB54CA98-B18D-4CCF-9E98-05A9068C679A}.Debug|Any CPU.ActiveCfg = Debug|Any CPU
		{DB54CA98-B18D-4CCF-9E98-05A9068C679A}.Debug|Any CPU.Build.0 = Debug|Any CPU
		{DB54CA98-B18D-4CCF-9E98-05A9068C679A}.Debug|x64.ActiveCfg = Debug|Any CPU
		{DB54CA98-B18D-4CCF-9E98-05A9068C679A}.Debug|x64.Build.0 = Debug|Any CPU
		{DB54CA98-B18D-4CCF-9E98-05A9068C679A}.Debug|x86.ActiveCfg = Debug|Any CPU
		{DB54CA98-B18D-4CCF-9E98-05A9068C679A}.Debug|x86.Build.0 = Debug|Any CPU
		{DB54CA98-B18D-4CCF-9E98-05A9068C679A}.Release|Any CPU.ActiveCfg = Release|Any CPU
		{DB54CA98-B18D-4CCF-9E98-05A9068C679A}.Release|Any CPU.Build.0 = Release|Any CPU
		{DB54CA98-B18D-4CCF-9E98-05A9068C679A}.Release|x64.ActiveCfg = Release|Any CPU
		{DB54CA98-B18D-4CCF-9E98-05A9068C679A}.Release|x64.Build.0 = Release|Any CPU
		{DB54CA98-B18D-4CCF-9E98-05A9068C679A}.Release|x86.ActiveCfg = Release|Any CPU
		{DB54CA98-B18D-4CCF-9E98-05A9068C679A}.Release|x86.Build.0 = Release|Any CPU
		{9AEA0CFD-4A38-4570-A124-7B5E6BD76C8A}.Debug|Any CPU.ActiveCfg = Debug|Any CPU
		{9AEA0CFD-4A38-4570-A124-7B5E6BD76C8A}.Debug|Any CPU.Build.0 = Debug|Any CPU
		{9AEA0CFD-4A38-4570-A124-7B5E6BD76C8A}.Debug|x64.ActiveCfg = Debug|Any CPU
		{9AEA0CFD-4A38-4570-A124-7B5E6BD76C8A}.Debug|x64.Build.0 = Debug|Any CPU
		{9AEA0CFD-4A38-4570-A124-7B5E6BD76C8A}.Debug|x86.ActiveCfg = Debug|Any CPU
		{9AEA0CFD-4A38-4570-A124-7B5E6BD76C8A}.Debug|x86.Build.0 = Debug|Any CPU
		{9AEA0CFD-4A38-4570-A124-7B5E6BD76C8A}.Release|Any CPU.ActiveCfg = Release|Any CPU
		{9AEA0CFD-4A38-4570-A124-7B5E6BD76C8A}.Release|Any CPU.Build.0 = Release|Any CPU
		{9AEA0CFD-4A38-4570-A124-7B5E6BD76C8A}.Release|x64.ActiveCfg = Release|Any CPU
		{9AEA0CFD-4A38-4570-A124-7B5E6BD76C8A}.Release|x64.Build.0 = Release|Any CPU
		{9AEA0CFD-4A38-4570-A124-7B5E6BD76C8A}.Release|x86.ActiveCfg = Release|Any CPU
		{9AEA0CFD-4A38-4570-A124-7B5E6BD76C8A}.Release|x86.Build.0 = Release|Any CPU
		{172AE4F5-F107-4E4C-B254-4A830B0B6612}.Debug|Any CPU.ActiveCfg = Debug|Any CPU
		{172AE4F5-F107-4E4C-B254-4A830B0B6612}.Debug|Any CPU.Build.0 = Debug|Any CPU
		{172AE4F5-F107-4E4C-B254-4A830B0B6612}.Debug|x64.ActiveCfg = Debug|Any CPU
		{172AE4F5-F107-4E4C-B254-4A830B0B6612}.Debug|x64.Build.0 = Debug|Any CPU
		{172AE4F5-F107-4E4C-B254-4A830B0B6612}.Debug|x86.ActiveCfg = Debug|Any CPU
		{172AE4F5-F107-4E4C-B254-4A830B0B6612}.Debug|x86.Build.0 = Debug|Any CPU
		{172AE4F5-F107-4E4C-B254-4A830B0B6612}.Release|Any CPU.ActiveCfg = Release|Any CPU
		{172AE4F5-F107-4E4C-B254-4A830B0B6612}.Release|Any CPU.Build.0 = Release|Any CPU
		{172AE4F5-F107-4E4C-B254-4A830B0B6612}.Release|x64.ActiveCfg = Release|Any CPU
		{172AE4F5-F107-4E4C-B254-4A830B0B6612}.Release|x64.Build.0 = Release|Any CPU
		{172AE4F5-F107-4E4C-B254-4A830B0B6612}.Release|x86.ActiveCfg = Release|Any CPU
		{172AE4F5-F107-4E4C-B254-4A830B0B6612}.Release|x86.Build.0 = Release|Any CPU
		{F3A32102-1228-4BF9-A027-1862061AB009}.Debug|Any CPU.ActiveCfg = Debug|Any CPU
		{F3A32102-1228-4BF9-A027-1862061AB009}.Debug|Any CPU.Build.0 = Debug|Any CPU
		{F3A32102-1228-4BF9-A027-1862061AB009}.Debug|x64.ActiveCfg = Debug|Any CPU
		{F3A32102-1228-4BF9-A027-1862061AB009}.Debug|x64.Build.0 = Debug|Any CPU
		{F3A32102-1228-4BF9-A027-1862061AB009}.Debug|x86.ActiveCfg = Debug|Any CPU
		{F3A32102-1228-4BF9-A027-1862061AB009}.Debug|x86.Build.0 = Debug|Any CPU
		{F3A32102-1228-4BF9-A027-1862061AB009}.Release|Any CPU.ActiveCfg = Release|Any CPU
		{F3A32102-1228-4BF9-A027-1862061AB009}.Release|Any CPU.Build.0 = Release|Any CPU
		{F3A32102-1228-4BF9-A027-1862061AB009}.Release|x64.ActiveCfg = Release|Any CPU
		{F3A32102-1228-4BF9-A027-1862061AB009}.Release|x64.Build.0 = Release|Any CPU
		{F3A32102-1228-4BF9-A027-1862061AB009}.Release|x86.ActiveCfg = Release|Any CPU
		{F3A32102-1228-4BF9-A027-1862061AB009}.Release|x86.Build.0 = Release|Any CPU
		{84CA7466-83DE-4657-944B-4BEF4FD51441}.Debug|Any CPU.ActiveCfg = Debug|Any CPU
		{84CA7466-83DE-4657-944B-4BEF4FD51441}.Debug|Any CPU.Build.0 = Debug|Any CPU
		{84CA7466-83DE-4657-944B-4BEF4FD51441}.Debug|x64.ActiveCfg = Debug|Any CPU
		{84CA7466-83DE-4657-944B-4BEF4FD51441}.Debug|x64.Build.0 = Debug|Any CPU
		{84CA7466-83DE-4657-944B-4BEF4FD51441}.Debug|x86.ActiveCfg = Debug|Any CPU
		{84CA7466-83DE-4657-944B-4BEF4FD51441}.Debug|x86.Build.0 = Debug|Any CPU
		{84CA7466-83DE-4657-944B-4BEF4FD51441}.Release|Any CPU.ActiveCfg = Release|Any CPU
		{84CA7466-83DE-4657-944B-4BEF4FD51441}.Release|Any CPU.Build.0 = Release|Any CPU
		{84CA7466-83DE-4657-944B-4BEF4FD51441}.Release|x64.ActiveCfg = Release|Any CPU
		{84CA7466-83DE-4657-944B-4BEF4FD51441}.Release|x64.Build.0 = Release|Any CPU
		{84CA7466-83DE-4657-944B-4BEF4FD51441}.Release|x86.ActiveCfg = Release|Any CPU
		{84CA7466-83DE-4657-944B-4BEF4FD51441}.Release|x86.Build.0 = Release|Any CPU
		{E1E547F8-EC06-45C6-8960-85A088395F56}.Debug|Any CPU.ActiveCfg = Debug|Any CPU
		{E1E547F8-EC06-45C6-8960-85A088395F56}.Debug|Any CPU.Build.0 = Debug|Any CPU
		{E1E547F8-EC06-45C6-8960-85A088395F56}.Debug|x64.ActiveCfg = Debug|Any CPU
		{E1E547F8-EC06-45C6-8960-85A088395F56}.Debug|x64.Build.0 = Debug|Any CPU
		{E1E547F8-EC06-45C6-8960-85A088395F56}.Debug|x86.ActiveCfg = Debug|Any CPU
		{E1E547F8-EC06-45C6-8960-85A088395F56}.Debug|x86.Build.0 = Debug|Any CPU
		{E1E547F8-EC06-45C6-8960-85A088395F56}.Release|Any CPU.ActiveCfg = Release|Any CPU
		{E1E547F8-EC06-45C6-8960-85A088395F56}.Release|Any CPU.Build.0 = Release|Any CPU
		{E1E547F8-EC06-45C6-8960-85A088395F56}.Release|x64.ActiveCfg = Release|Any CPU
		{E1E547F8-EC06-45C6-8960-85A088395F56}.Release|x64.Build.0 = Release|Any CPU
		{E1E547F8-EC06-45C6-8960-85A088395F56}.Release|x86.ActiveCfg = Release|Any CPU
		{E1E547F8-EC06-45C6-8960-85A088395F56}.Release|x86.Build.0 = Release|Any CPU
		{869FC7F9-5724-4BFB-936E-1EB2354080CD}.Debug|Any CPU.ActiveCfg = Debug|Any CPU
		{869FC7F9-5724-4BFB-936E-1EB2354080CD}.Debug|Any CPU.Build.0 = Debug|Any CPU
		{869FC7F9-5724-4BFB-936E-1EB2354080CD}.Debug|x64.ActiveCfg = Debug|Any CPU
		{869FC7F9-5724-4BFB-936E-1EB2354080CD}.Debug|x64.Build.0 = Debug|Any CPU
		{869FC7F9-5724-4BFB-936E-1EB2354080CD}.Debug|x86.ActiveCfg = Debug|Any CPU
		{869FC7F9-5724-4BFB-936E-1EB2354080CD}.Debug|x86.Build.0 = Debug|Any CPU
		{869FC7F9-5724-4BFB-936E-1EB2354080CD}.Release|Any CPU.ActiveCfg = Release|Any CPU
		{869FC7F9-5724-4BFB-936E-1EB2354080CD}.Release|Any CPU.Build.0 = Release|Any CPU
		{869FC7F9-5724-4BFB-936E-1EB2354080CD}.Release|x64.ActiveCfg = Release|Any CPU
		{869FC7F9-5724-4BFB-936E-1EB2354080CD}.Release|x64.Build.0 = Release|Any CPU
		{869FC7F9-5724-4BFB-936E-1EB2354080CD}.Release|x86.ActiveCfg = Release|Any CPU
		{869FC7F9-5724-4BFB-936E-1EB2354080CD}.Release|x86.Build.0 = Release|Any CPU
	EndGlobalSection
	GlobalSection(SolutionProperties) = preSolution
		HideSolutionNode = FALSE
	EndGlobalSection
	GlobalSection(NestedProjects) = preSolution
		{BA7D9374-B6B6-4436-8D13-06E463009E84} = {827E0CD3-B72D-47B6-A68D-7590B98EB39B}
		{ACF070D3-0FAB-4C72-A03C-13B4E913B04F} = {827E0CD3-B72D-47B6-A68D-7590B98EB39B}
		{6B95C409-28C2-4756-8781-075E478D9284} = {827E0CD3-B72D-47B6-A68D-7590B98EB39B}
		{D570FAEC-061E-4558-81B3-630D27171BCE} = {827E0CD3-B72D-47B6-A68D-7590B98EB39B}
		{3247649C-D832-4914-B5FE-EFE0195FA240} = {827E0CD3-B72D-47B6-A68D-7590B98EB39B}
		{60CA9BE8-B3E0-4AF1-A3D9-BCD0C1C73799} = {827E0CD3-B72D-47B6-A68D-7590B98EB39B}
		{DB54CA98-B18D-4CCF-9E98-05A9068C679A} = {827E0CD3-B72D-47B6-A68D-7590B98EB39B}
		{9AEA0CFD-4A38-4570-A124-7B5E6BD76C8A} = {827E0CD3-B72D-47B6-A68D-7590B98EB39B}
		{172AE4F5-F107-4E4C-B254-4A830B0B6612} = {827E0CD3-B72D-47B6-A68D-7590B98EB39B}
		{F3A32102-1228-4BF9-A027-1862061AB009} = {827E0CD3-B72D-47B6-A68D-7590B98EB39B}
		{84CA7466-83DE-4657-944B-4BEF4FD51441} = {827E0CD3-B72D-47B6-A68D-7590B98EB39B}
		{E1E547F8-EC06-45C6-8960-85A088395F56} = {827E0CD3-B72D-47B6-A68D-7590B98EB39B}
		{869FC7F9-5724-4BFB-936E-1EB2354080CD} = {0AB3BF05-4346-4AA6-1389-037BE0695223}
	EndGlobalSection
EndGlobal
